
Microsoft Visual Studio Solution File, Format Version 12.00
# Visual Studio Version 16
VisualStudioVersion = 16.0.31729.503
MinimumVisualStudioVersion = 10.0.40219.1
Project("{FAE04EC0-301F-11D3-BF4B-00C04F79EFBC}") = "HourlyWorkerPayRoll", "HourlyWorkerPayRoll\HourlyWorkerPayRoll.csproj", "{1EF65A30-A0B2-4DF2-AFC8-16A8445AE10D}"
EndProject
Project("{2150E333-8FDC-42A3-9474-1A3956D46DE8}") = "Solution Items", "Solution Items", "{B1074B0A-ED90-47FE-95B2-8FF3E730ECFC}"
	ProjectSection(SolutionItems) = preProject
		HourlyWorkerPayRoll\App.config = HourlyWorkerPayRoll\App.config
		HourlyWorkerPayRoll\DataAccess.cs = HourlyWorkerPayRoll\DataAccess.cs
		HourlyWorkerPayRoll\WorkerDatabase.mdf = HourlyWorkerPayRoll\WorkerDatabase.mdf
		HourlyWorkerPayRoll\WorkerDatabase_log.ldf = HourlyWorkerPayRoll\WorkerDatabase_log.ldf
	EndProjectSection
EndProject
Global
	GlobalSection(SolutionConfigurationPlatforms) = preSolution
		Debug|Any CPU = Debug|Any CPU
		Release|Any CPU = Release|Any CPU
	EndGlobalSection
	GlobalSection(ProjectConfigurationPlatforms) = postSolution
		{1EF65A30-A0B2-4DF2-AFC8-16A8445AE10D}.Debug|Any CPU.ActiveCfg = Debug|Any CPU
		{1EF65A30-A0B2-4DF2-AFC8-16A8445AE10D}.Debug|Any CPU.Build.0 = Debug|Any CPU
		{1EF65A30-A0B2-4DF2-AFC8-16A8445AE10D}.Release|Any CPU.ActiveCfg = Release|Any CPU
		{1EF65A30-A0B2-4DF2-AFC8-16A8445AE10D}.Release|Any CPU.Build.0 = Release|Any CPU
	EndGlobalSection
	GlobalSection(SolutionProperties) = preSolution
		HideSolutionNode = FALSE
	EndGlobalSection
	GlobalSection(ExtensibilityGlobals) = postSolution
		SolutionGuid = {639F80DD-DA8B-4AD9-B7A2-E54CFF637109}
	EndGlobalSection
EndGlobal
